# THIS IS AN AUTOGENERATED FILE. DO NOT EDIT THIS FILE DIRECTLY.
# yarn lockfile v1


easemob-websdk@^4.1.7:
  version "4.1.7"
  resolved "https://registry.npmmirror.com/easemob-websdk/-/easemob-websdk-4.1.7.tgz#30422b96ff819bfc0be1d6052ca00c316b8e5b00"
  integrity sha512-U71WJ20yxiMMB5pCO1SQkPwpthVBIaXtpIgu42SlAtgaHStorA7xYfnbobe2TL5uoC2ULzNoIz9ooZusePxqhA==
