# THIS IS AN AUTOGENERATED FILE. DO NOT EDIT THIS FILE DIRECTLY.
# yarn lockfile v1


easemob-websdk@^4.1.6:
  version "4.1.6"
  resolved "https://registry.npmmirror.com/easemob-websdk/-/easemob-websdk-4.1.6.tgz#e4f34e2ad2c047c22ba41e92968f8cf5dc477981"
  integrity sha512-nMszTEf6vNTv8wKghr1Oy3CJobTfwn5hH+XcEQdtvebLoNzUPZSS31+3BgWgQJcaEeGmxnfwkJTL0OmpauC5Kg==
